// !$*UTF8*$!
{
	archiveVersion = 1;
	classes = {
	};
	objectVersion = 56;
	objects = {

/* Begin PBXBuildFile section */
		AA077A812B55BA7A00DEABE9 /* AppDelegate.swift in Sources */ = {isa = PBXBuildFile; fileRef = AA077A802B55BA7A00DEABE9 /* AppDelegate.swift */; };
		AA077A832B55BA7A00DEABE9 /* SceneDelegate.swift in Sources */ = {isa = PBXBuildFile; fileRef = AA077A822B55BA7A00DEABE9 /* SceneDelegate.swift */; };
		AA077A852B55BA7A00DEABE9 /* TabBarController.swift in Sources */ = {isa = PBXBuildFile; fileRef = AA077A842B55BA7A00DEABE9 /* TabBarController.swift */; };
		AA077A8A2B55BA7B00DEABE9 /* Assets.xcassets in Resources */ = {isa = PBXBuildFile; fileRef = AA077A892B55BA7B00DEABE9 /* Assets.xcassets */; };
		AA077A8D2B55BA7B00DEABE9 /* LaunchScreen.storyboard in Resources */ = {isa = PBXBuildFile; fileRef = AA077A8B2B55BA7B00DEABE9 /* LaunchScreen.storyboard */; };
		AA077A9C2B55BF8500DEABE9 /* FilmAndSerie.swift in Sources */ = {isa = PBXBuildFile; fileRef = AA077A9B2B55BF8500DEABE9 /* FilmAndSerie.swift */; };
		AA077A9E2B55BFBA00DEABE9 /* Character.swift in Sources */ = {isa = PBXBuildFile; fileRef = AA077A9D2B55BFBA00DEABE9 /* Character.swift */; };
		AA077AA02B55BFCE00DEABE9 /* VideoGame.swift in Sources */ = {isa = PBXBuildFile; fileRef = AA077A9F2B55BFCE00DEABE9 /* VideoGame.swift */; };
		AA18BA882B55CA650016683A /* CharacterViewController.swift in Sources */ = {isa = PBXBuildFile; fileRef = AA18BA872B55CA650016683A /* CharacterViewController.swift */; };
		AA18BA8A2B55CA810016683A /* VideoGameViewController.swift in Sources */ = {isa = PBXBuildFile; fileRef = AA18BA892B55CA810016683A /* VideoGameViewController.swift */; };
		AA18BA8C2B55CA8E0016683A /* FilmAndSerieViewController.swift in Sources */ = {isa = PBXBuildFile; fileRef = AA18BA8B2B55CA8E0016683A /* FilmAndSerieViewController.swift */; };
		AA18BA8E2B55CAA60016683A /* SettingViewController.swift in Sources */ = {isa = PBXBuildFile; fileRef = AA18BA8D2B55CAA60016683A /* SettingViewController.swift */; };
		AA18BA902B55CF3F0016683A /* Service.swift in Sources */ = {isa = PBXBuildFile; fileRef = AA18BA8F2B55CF3F0016683A /* Service.swift */; };
		AA18BA922B55CF4E0016683A /* Request.swift in Sources */ = {isa = PBXBuildFile; fileRef = AA18BA912B55CF4E0016683A /* Request.swift */; };
		AA18BA942B55CFD00016683A /* EndPoint.swift in Sources */ = {isa = PBXBuildFile; fileRef = AA18BA932B55CFD00016683A /* EndPoint.swift */; };
		AA18BA992B55E0650016683A /* GetAllCharactersResponse.swift in Sources */ = {isa = PBXBuildFile; fileRef = AA18BA982B55E0650016683A /* GetAllCharactersResponse.swift */; };
		AA18BA9B2B55E3620016683A /* CharacterListViewViewModel.swift in Sources */ = {isa = PBXBuildFile; fileRef = AA18BA9A2B55E3620016683A /* CharacterListViewViewModel.swift */; };
		AA18BA9D2B55E3B70016683A /* CharacterListView.swift in Sources */ = {isa = PBXBuildFile; fileRef = AA18BA9C2B55E3B70016683A /* CharacterListView.swift */; };
		AA18BA9F2B55E6EF0016683A /* Extensions.swift in Sources */ = {isa = PBXBuildFile; fileRef = AA18BA9E2B55E6EF0016683A /* Extensions.swift */; };
		AA18BAA12B5712340016683A /* CharacterCollectionViewCell.swift in Sources */ = {isa = PBXBuildFile; fileRef = AA18BAA02B5712340016683A /* CharacterCollectionViewCell.swift */; };
		AA18BAA32B5713CD0016683A /* CharacterCollectionViewCellViewModel.swift in Sources */ = {isa = PBXBuildFile; fileRef = AA18BAA22B5713CD0016683A /* CharacterCollectionViewCellViewModel.swift */; };
/* End PBXBuildFile section */

/* Begin PBXFileReference section */
		AA077A7D2B55BA7A00DEABE9 /* Disney Characters.app */ = {isa = PBXFileReference; explicitFileType = wrapper.application; includeInIndex = 0; path = "Disney Characters.app"; sourceTree = BUILT_PRODUCTS_DIR; };
		AA077A802B55BA7A00DEABE9 /* AppDelegate.swift */ = {isa = PBXFileReference; lastKnownFileType = sourcecode.swift; path = AppDelegate.swift; sourceTree = "<group>"; };
		AA077A822B55BA7A00DEABE9 /* SceneDelegate.swift */ = {isa = PBXFileReference; lastKnownFileType = sourcecode.swift; path = SceneDelegate.swift; sourceTree = "<group>"; };
		AA077A842B55BA7A00DEABE9 /* TabBarController.swift */ = {isa = PBXFileReference; lastKnownFileType = sourcecode.swift; path = TabBarController.swift; sourceTree = "<group>"; };
		AA077A892B55BA7B00DEABE9 /* Assets.xcassets */ = {isa = PBXFileReference; lastKnownFileType = folder.assetcatalog; path = Assets.xcassets; sourceTree = "<group>"; };
		AA077A8C2B55BA7B00DEABE9 /* Base */ = {isa = PBXFileReference; lastKnownFileType = file.storyboard; name = Base; path = Base.lproj/LaunchScreen.storyboard; sourceTree = "<group>"; };
		AA077A8E2B55BA7B00DEABE9 /* Info.plist */ = {isa = PBXFileReference; lastKnownFileType = text.plist.xml; path = Info.plist; sourceTree = "<group>"; };
		AA077A9B2B55BF8500DEABE9 /* FilmAndSerie.swift */ = {isa = PBXFileReference; lastKnownFileType = sourcecode.swift; path = FilmAndSerie.swift; sourceTree = "<group>"; };
		AA077A9D2B55BFBA00DEABE9 /* Character.swift */ = {isa = PBXFileReference; lastKnownFileType = sourcecode.swift; path = Character.swift; sourceTree = "<group>"; };
		AA077A9F2B55BFCE00DEABE9 /* VideoGame.swift */ = {isa = PBXFileReference; lastKnownFileType = sourcecode.swift; path = VideoGame.swift; sourceTree = "<group>"; };
		AA18BA872B55CA650016683A /* CharacterViewController.swift */ = {isa = PBXFileReference; lastKnownFileType = sourcecode.swift; path = CharacterViewController.swift; sourceTree = "<group>"; };
		AA18BA892B55CA810016683A /* VideoGameViewController.swift */ = {isa = PBXFileReference; lastKnownFileType = sourcecode.swift; path = VideoGameViewController.swift; sourceTree = "<group>"; };
		AA18BA8B2B55CA8E0016683A /* FilmAndSerieViewController.swift */ = {isa = PBXFileReference; lastKnownFileType = sourcecode.swift; path = FilmAndSerieViewController.swift; sourceTree = "<group>"; };
		AA18BA8D2B55CAA60016683A /* SettingViewController.swift */ = {isa = PBXFileReference; lastKnownFileType = sourcecode.swift; path = SettingViewController.swift; sourceTree = "<group>"; };
		AA18BA8F2B55CF3F0016683A /* Service.swift */ = {isa = PBXFileReference; lastKnownFileType = sourcecode.swift; path = Service.swift; sourceTree = "<group>"; };
		AA18BA912B55CF4E0016683A /* Request.swift */ = {isa = PBXFileReference; lastKnownFileType = sourcecode.swift; path = Request.swift; sourceTree = "<group>"; };
		AA18BA932B55CFD00016683A /* EndPoint.swift */ = {isa = PBXFileReference; lastKnownFileType = sourcecode.swift; path = EndPoint.swift; sourceTree = "<group>"; };
		AA18BA982B55E0650016683A /* GetAllCharactersResponse.swift */ = {isa = PBXFileReference; lastKnownFileType = sourcecode.swift; path = GetAllCharactersResponse.swift; sourceTree = "<group>"; };
		AA18BA9A2B55E3620016683A /* CharacterListViewViewModel.swift */ = {isa = PBXFileReference; lastKnownFileType = sourcecode.swift; path = CharacterListViewViewModel.swift; sourceTree = "<group>"; };
		AA18BA9C2B55E3B70016683A /* CharacterListView.swift */ = {isa = PBXFileReference; lastKnownFileType = sourcecode.swift; path = CharacterListView.swift; sourceTree = "<group>"; };
		AA18BA9E2B55E6EF0016683A /* Extensions.swift */ = {isa = PBXFileReference; lastKnownFileType = sourcecode.swift; path = Extensions.swift; sourceTree = "<group>"; };
		AA18BAA02B5712340016683A /* CharacterCollectionViewCell.swift */ = {isa = PBXFileReference; lastKnownFileType = sourcecode.swift; path = CharacterCollectionViewCell.swift; sourceTree = "<group>"; };
		AA18BAA22B5713CD0016683A /* CharacterCollectionViewCellViewModel.swift */ = {isa = PBXFileReference; lastKnownFileType = sourcecode.swift; path = CharacterCollectionViewCellViewModel.swift; sourceTree = "<group>"; };
/* End PBXFileReference section */

/* Begin PBXFrameworksBuildPhase section */
		AA077A7A2B55BA7900DEABE9 /* Frameworks */ = {
			isa = PBXFrameworksBuildPhase;
			buildActionMask = 2147483647;
			files = (
			);
			runOnlyForDeploymentPostprocessing = 0;
		};
/* End PBXFrameworksBuildPhase section */

/* Begin PBXGroup section */
		AA077A742B55BA7900DEABE9 = {
			isa = PBXGroup;
			children = (
				AA077A7F2B55BA7A00DEABE9 /* Disney Characters */,
				AA077A7E2B55BA7A00DEABE9 /* Products */,
			);
			sourceTree = "<group>";
		};
		AA077A7E2B55BA7A00DEABE9 /* Products */ = {
			isa = PBXGroup;
			children = (
				AA077A7D2B55BA7A00DEABE9 /* Disney Characters.app */,
			);
			name = Products;
			sourceTree = "<group>";
		};
		AA077A7F2B55BA7A00DEABE9 /* Disney Characters */ = {
			isa = PBXGroup;
			children = (
				AA077A9A2B55BBE200DEABE9 /* Ressources */,
				AA077A992B55BBDD00DEABE9 /* Managers */,
				AA077A982B55BBCD00DEABE9 /* ApiClient */,
				AA077A972B55BBC300DEABE9 /* ViewModels */,
				AA077A962B55BBBD00DEABE9 /* Views */,
				AA077A952B55BBB700DEABE9 /* Models */,
				AA077A942B55BBAA00DEABE9 /* Controllers */,
				AA077A8E2B55BA7B00DEABE9 /* Info.plist */,
			);
			path = "Disney Characters";
			sourceTree = "<group>";
		};
		AA077A942B55BBAA00DEABE9 /* Controllers */ = {
			isa = PBXGroup;
			children = (
				AA18BA862B55CA430016683A /* Core */,
			);
			path = Controllers;
			sourceTree = "<group>";
		};
		AA077A952B55BBB700DEABE9 /* Models */ = {
			isa = PBXGroup;
			children = (
				AA18BA972B55E0550016683A /* APIResponseTypes */,
				AA18BA962B55E0470016683A /* DataTypes */,
			);
			path = Models;
			sourceTree = "<group>";
		};
		AA077A962B55BBBD00DEABE9 /* Views */ = {
			isa = PBXGroup;
			children = (
				AA18BA9C2B55E3B70016683A /* CharacterListView.swift */,
				AA18BAA02B5712340016683A /* CharacterCollectionViewCell.swift */,
			);
			path = Views;
			sourceTree = "<group>";
		};
		AA077A972B55BBC300DEABE9 /* ViewModels */ = {
			isa = PBXGroup;
			children = (
				AA18BA9A2B55E3620016683A /* CharacterListViewViewModel.swift */,
				AA18BAA22B5713CD0016683A /* CharacterCollectionViewCellViewModel.swift */,
			);
			path = ViewModels;
			sourceTree = "<group>";
		};
		AA077A982B55BBCD00DEABE9 /* ApiClient */ = {
			isa = PBXGroup;
			children = (
				AA18BA8F2B55CF3F0016683A /* Service.swift */,
				AA18BA912B55CF4E0016683A /* Request.swift */,
				AA18BA932B55CFD00016683A /* EndPoint.swift */,
			);
			path = ApiClient;
			sourceTree = "<group>";
		};
		AA077A992B55BBDD00DEABE9 /* Managers */ = {
			isa = PBXGroup;
			children = (
			);
			path = Managers;
			sourceTree = "<group>";
		};
		AA077A9A2B55BBE200DEABE9 /* Ressources */ = {
			isa = PBXGroup;
			children = (
				AA077A892B55BA7B00DEABE9 /* Assets.xcassets */,
				AA077A8B2B55BA7B00DEABE9 /* LaunchScreen.storyboard */,
				AA077A802B55BA7A00DEABE9 /* AppDelegate.swift */,
				AA077A822B55BA7A00DEABE9 /* SceneDelegate.swift */,
				AA18BA9E2B55E6EF0016683A /* Extensions.swift */,
			);
			path = Ressources;
			sourceTree = "<group>";
		};
		AA18BA862B55CA430016683A /* Core */ = {
			isa = PBXGroup;
			children = (
				AA077A842B55BA7A00DEABE9 /* TabBarController.swift */,
				AA18BA872B55CA650016683A /* CharacterViewController.swift */,
				AA18BA892B55CA810016683A /* VideoGameViewController.swift */,
				AA18BA8B2B55CA8E0016683A /* FilmAndSerieViewController.swift */,
				AA18BA8D2B55CAA60016683A /* SettingViewController.swift */,
			);
			path = Core;
			sourceTree = "<group>";
		};
		AA18BA962B55E0470016683A /* DataTypes */ = {
			isa = PBXGroup;
			children = (
				AA077A9B2B55BF8500DEABE9 /* FilmAndSerie.swift */,
				AA077A9D2B55BFBA00DEABE9 /* Character.swift */,
				AA077A9F2B55BFCE00DEABE9 /* VideoGame.swift */,
			);
			path = DataTypes;
			sourceTree = "<group>";
		};
		AA18BA972B55E0550016683A /* APIResponseTypes */ = {
			isa = PBXGroup;
			children = (
				AA18BA982B55E0650016683A /* GetAllCharactersResponse.swift */,
			);
			path = APIResponseTypes;
			sourceTree = "<group>";
		};
/* End PBXGroup section */

/* Begin PBXNativeTarget section */
		AA077A7C2B55BA7900DEABE9 /* Disney Characters */ = {
			isa = PBXNativeTarget;
			buildConfigurationList = AA077A912B55BA7B00DEABE9 /* Build configuration list for PBXNativeTarget "Disney Characters" */;
			buildPhases = (
				AA077A792B55BA7900DEABE9 /* Sources */,
				AA077A7A2B55BA7900DEABE9 /* Frameworks */,
				AA077A7B2B55BA7900DEABE9 /* Resources */,
			);
			buildRules = (
			);
			dependencies = (
			);
			name = "Disney Characters";
			productName = "Disney Characters";
			productReference = AA077A7D2B55BA7A00DEABE9 /* Disney Characters.app */;
			productType = "com.apple.product-type.application";
		};
/* End PBXNativeTarget section */

/* Begin PBXProject section */
		AA077A752B55BA7900DEABE9 /* Project object */ = {
			isa = PBXProject;
			attributes = {
				BuildIndependentTargetsInParallel = 1;
				LastSwiftUpdateCheck = 1520;
				LastUpgradeCheck = 1520;
				TargetAttributes = {
					AA077A7C2B55BA7900DEABE9 = {
						CreatedOnToolsVersion = 15.2;
					};
				};
			};
			buildConfigurationList = AA077A782B55BA7900DEABE9 /* Build configuration list for PBXProject "Disney Characters" */;
			compatibilityVersion = "Xcode 14.0";
			developmentRegion = en;
			hasScannedForEncodings = 0;
			knownRegions = (
				en,
				Base,
			);
			mainGroup = AA077A742B55BA7900DEABE9;
			productRefGroup = AA077A7E2B55BA7A00DEABE9 /* Products */;
			projectDirPath = "";
			projectRoot = "";
			targets = (
				AA077A7C2B55BA7900DEABE9 /* Disney Characters */,
			);
		};
/* End PBXProject section */

/* Begin PBXResourcesBuildPhase section */
		AA077A7B2B55BA7900DEABE9 /* Resources */ = {
			isa = PBXResourcesBuildPhase;
			buildActionMask = 2147483647;
			files = (
				AA077A8D2B55BA7B00DEABE9 /* LaunchScreen.storyboard in Resources */,
				AA077A8A2B55BA7B00DEABE9 /* Assets.xcassets in Resources */,
			);
			runOnlyForDeploymentPostprocessing = 0;
		};
/* End PBXResourcesBuildPhase section */

/* Begin PBXSourcesBuildPhase section */
		AA077A792B55BA7900DEABE9 /* Sources */ = {
			isa = PBXSourcesBuildPhase;
			buildActionMask = 2147483647;
			files = (
				AA18BA942B55CFD00016683A /* EndPoint.swift in Sources */,
				AA18BA8A2B55CA810016683A /* VideoGameViewController.swift in Sources */,
				AA18BA922B55CF4E0016683A /* Request.swift in Sources */,
				AA077A9C2B55BF8500DEABE9 /* FilmAndSerie.swift in Sources */,
				AA077AA02B55BFCE00DEABE9 /* VideoGame.swift in Sources */,
				AA18BA882B55CA650016683A /* CharacterViewController.swift in Sources */,
				AA18BA9D2B55E3B70016683A /* CharacterListView.swift in Sources */,
				AA077A852B55BA7A00DEABE9 /* TabBarController.swift in Sources */,
				AA18BA8E2B55CAA60016683A /* SettingViewController.swift in Sources */,
				AA18BA9B2B55E3620016683A /* CharacterListViewViewModel.swift in Sources */,
				AA18BA8C2B55CA8E0016683A /* FilmAndSerieViewController.swift in Sources */,
				AA18BA992B55E0650016683A /* GetAllCharactersResponse.swift in Sources */,
				AA18BAA12B5712340016683A /* CharacterCollectionViewCell.swift in Sources */,
				AA18BAA32B5713CD0016683A /* CharacterCollectionViewCellViewModel.swift in Sources */,
				AA077A9E2B55BFBA00DEABE9 /* Character.swift in Sources */,
				AA18BA902B55CF3F0016683A /* Service.swift in Sources */,
				AA18BA9F2B55E6EF0016683A /* Extensions.swift in Sources */,
				AA077A812B55BA7A00DEABE9 /* AppDelegate.swift in Sources */,
				AA077A832B55BA7A00DEABE9 /* SceneDelegate.swift in Sources */,
			);
			runOnlyForDeploymentPostprocessing = 0;
		};
/* End PBXSourcesBuildPhase section */

/* Begin PBXVariantGroup section */
		AA077A8B2B55BA7B00DEABE9 /* LaunchScreen.storyboard */ = {
			isa = PBXVariantGroup;
			children = (
				AA077A8C2B55BA7B00DEABE9 /* Base */,
			);
			name = LaunchScreen.storyboard;
			sourceTree = "<group>";
		};
/* End PBXVariantGroup section */

/* Begin XCBuildConfiguration section */
		AA077A8F2B55BA7B00DEABE9 /* Debug */ = {
			isa = XCBuildConfiguration;
			buildSettings = {
				ALWAYS_SEARCH_USER_PATHS = NO;
				ASSETCATALOG_COMPILER_GENERATE_SWIFT_ASSET_SYMBOL_EXTENSIONS = YES;
				CLANG_ANALYZER_NONNULL = YES;
				CLANG_ANALYZER_NUMBER_OBJECT_CONVERSION = YES_AGGRESSIVE;
				CLANG_CXX_LANGUAGE_STANDARD = "gnu++20";
				CLANG_ENABLE_MODULES = YES;
				CLANG_ENABLE_OBJC_ARC = YES;
				CLANG_ENABLE_OBJC_WEAK = YES;
				CLANG_WARN_BLOCK_CAPTURE_AUTORELEASING = YES;
				CLANG_WARN_BOOL_CONVERSION = YES;
				CLANG_WARN_COMMA = YES;
				CLANG_WARN_CONSTANT_CONVERSION = YES;
				CLANG_WARN_DEPRECATED_OBJC_IMPLEMENTATIONS = YES;
				CLANG_WARN_DIRECT_OBJC_ISA_USAGE = YES_ERROR;
				CLANG_WARN_DOCUMENTATION_COMMENTS = YES;
				CLANG_WARN_EMPTY_BODY = YES;
				CLANG_WARN_ENUM_CONVERSION = YES;
				CLANG_WARN_INFINITE_RECURSION = YES;
				CLANG_WARN_INT_CONVERSION = YES;
				CLANG_WARN_NON_LITERAL_NULL_CONVERSION = YES;
				CLANG_WARN_OBJC_IMPLICIT_RETAIN_SELF = YES;
				CLANG_WARN_OBJC_LITERAL_CONVERSION = YES;
				CLANG_WARN_OBJC_ROOT_CLASS = YES_ERROR;
				CLANG_WARN_QUOTED_INCLUDE_IN_FRAMEWORK_HEADER = YES;
				CLANG_WARN_RANGE_LOOP_ANALYSIS = YES;
				CLANG_WARN_STRICT_PROTOTYPES = YES;
				CLANG_WARN_SUSPICIOUS_MOVE = YES;
				CLANG_WARN_UNGUARDED_AVAILABILITY = YES_AGGRESSIVE;
				CLANG_WARN_UNREACHABLE_CODE = YES;
				CLANG_WARN__DUPLICATE_METHOD_MATCH = YES;
				COPY_PHASE_STRIP = NO;
				DEBUG_INFORMATION_FORMAT = dwarf;
				ENABLE_STRICT_OBJC_MSGSEND = YES;
				ENABLE_TESTABILITY = YES;
				ENABLE_USER_SCRIPT_SANDBOXING = YES;
				GCC_C_LANGUAGE_STANDARD = gnu17;
				GCC_DYNAMIC_NO_PIC = NO;
				GCC_NO_COMMON_BLOCKS = YES;
				GCC_OPTIMIZATION_LEVEL = 0;
				GCC_PREPROCESSOR_DEFINITIONS = (
					"DEBUG=1",
					"$(inherited)",
				);
				GCC_WARN_64_TO_32_BIT_CONVERSION = YES;
				GCC_WARN_ABOUT_RETURN_TYPE = YES_ERROR;
				GCC_WARN_UNDECLARED_SELECTOR = YES;
				GCC_WARN_UNINITIALIZED_AUTOS = YES_AGGRESSIVE;
				GCC_WARN_UNUSED_FUNCTION = YES;
				GCC_WARN_UNUSED_VARIABLE = YES;
				IPHONEOS_DEPLOYMENT_TARGET = 17.2;
				LOCALIZATION_PREFERS_STRING_CATALOGS = YES;
				MTL_ENABLE_DEBUG_INFO = INCLUDE_SOURCE;
				MTL_FAST_MATH = YES;
				ONLY_ACTIVE_ARCH = YES;
				SDKROOT = iphoneos;
				SWIFT_ACTIVE_COMPILATION_CONDITIONS = "DEBUG $(inherited)";
				SWIFT_OPTIMIZATION_LEVEL = "-Onone";
			};
			name = Debug;
		};
		AA077A902B55BA7B00DEABE9 /* Release */ = {
			isa = XCBuildConfiguration;
			buildSettings = {
				ALWAYS_SEARCH_USER_PATHS = NO;
				ASSETCATALOG_COMPILER_GENERATE_SWIFT_ASSET_SYMBOL_EXTENSIONS = YES;
				CLANG_ANALYZER_NONNULL = YES;
				CLANG_ANALYZER_NUMBER_OBJECT_CONVERSION = YES_AGGRESSIVE;
				CLANG_CXX_LANGUAGE_STANDARD = "gnu++20";
				CLANG_ENABLE_MODULES = YES;
				CLANG_ENABLE_OBJC_ARC = YES;
				CLANG_ENABLE_OBJC_WEAK = YES;
				CLANG_WARN_BLOCK_CAPTURE_AUTORELEASING = YES;
				CLANG_WARN_BOOL_CONVERSION = YES;
				CLANG_WARN_COMMA = YES;
				CLANG_WARN_CONSTANT_CONVERSION = YES;
				CLANG_WARN_DEPRECATED_OBJC_IMPLEMENTATIONS = YES;
				CLANG_WARN_DIRECT_OBJC_ISA_USAGE = YES_ERROR;
				CLANG_WARN_DOCUMENTATION_COMMENTS = YES;
				CLANG_WARN_EMPTY_BODY = YES;
				CLANG_WARN_ENUM_CONVERSION = YES;
				CLANG_WARN_INFINITE_RECURSION = YES;
				CLANG_WARN_INT_CONVERSION = YES;
				CLANG_WARN_NON_LITERAL_NULL_CONVERSION = YES;
				CLANG_WARN_OBJC_IMPLICIT_RETAIN_SELF = YES;
				CLANG_WARN_OBJC_LITERAL_CONVERSION = YES;
				CLANG_WARN_OBJC_ROOT_CLASS = YES_ERROR;
				CLANG_WARN_QUOTED_INCLUDE_IN_FRAMEWORK_HEADER = YES;
				CLANG_WARN_RANGE_LOOP_ANALYSIS = YES;
				CLANG_WARN_STRICT_PROTOTYPES = YES;
				CLANG_WARN_SUSPICIOUS_MOVE = YES;
				CLANG_WARN_UNGUARDED_AVAILABILITY = YES_AGGRESSIVE;
				CLANG_WARN_UNREACHABLE_CODE = YES;
				CLANG_WARN__DUPLICATE_METHOD_MATCH = YES;
				COPY_PHASE_STRIP = NO;
				DEBUG_INFORMATION_FORMAT = "dwarf-with-dsym";
				ENABLE_NS_ASSERTIONS = NO;
				ENABLE_STRICT_OBJC_MSGSEND = YES;
				ENABLE_USER_SCRIPT_SANDBOXING = YES;
				GCC_C_LANGUAGE_STANDARD = gnu17;
				GCC_NO_COMMON_BLOCKS = YES;
				GCC_WARN_64_TO_32_BIT_CONVERSION = YES;
				GCC_WARN_ABOUT_RETURN_TYPE = YES_ERROR;
				GCC_WARN_UNDECLARED_SELECTOR = YES;
				GCC_WARN_UNINITIALIZED_AUTOS = YES_AGGRESSIVE;
				GCC_WARN_UNUSED_FUNCTION = YES;
				GCC_WARN_UNUSED_VARIABLE = YES;
				IPHONEOS_DEPLOYMENT_TARGET = 17.2;
				LOCALIZATION_PREFERS_STRING_CATALOGS = YES;
				MTL_ENABLE_DEBUG_INFO = NO;
				MTL_FAST_MATH = YES;
				SDKROOT = iphoneos;
				SWIFT_COMPILATION_MODE = wholemodule;
				VALIDATE_PRODUCT = YES;
			};
			name = Release;
		};
		AA077A922B55BA7B00DEABE9 /* Debug */ = {
			isa = XCBuildConfiguration;
			buildSettings = {
				ASSETCATALOG_COMPILER_APPICON_NAME = AppIcon;
				ASSETCATALOG_COMPILER_GLOBAL_ACCENT_COLOR_NAME = AccentColor;
				CODE_SIGN_STYLE = Automatic;
				CURRENT_PROJECT_VERSION = 1;
				DEVELOPMENT_TEAM = Z8BA2MK3L3;
				GENERATE_INFOPLIST_FILE = YES;
				INFOPLIST_FILE = "Disney Characters/Info.plist";
				INFOPLIST_KEY_UIApplicationSupportsIndirectInputEvents = YES;
				INFOPLIST_KEY_UILaunchStoryboardName = LaunchScreen;
				INFOPLIST_KEY_UISupportedInterfaceOrientations_iPad = "UIInterfaceOrientationPortrait UIInterfaceOrientationPortraitUpsideDown UIInterfaceOrientationLandscapeLeft UIInterfaceOrientationLandscapeRight";
				INFOPLIST_KEY_UISupportedInterfaceOrientations_iPhone = "UIInterfaceOrientationPortrait UIInterfaceOrientationLandscapeLeft UIInterfaceOrientationLandscapeRight";
				LD_RUNPATH_SEARCH_PATHS = (
					"$(inherited)",
					"@executable_path/Frameworks",
				);
				MARKETING_VERSION = 1.0;
				PRODUCT_BUNDLE_IDENTIFIER = "etang.Disney-Characters";
				PRODUCT_NAME = "$(TARGET_NAME)";
				SWIFT_EMIT_LOC_STRINGS = YES;
				SWIFT_VERSION = 5.0;
				TARGETED_DEVICE_FAMILY = "1,2";
			};
			name = Debug;
		};
		AA077A932B55BA7B00DEABE9 /* Release */ = {
			isa = XCBuildConfiguration;
			buildSettings = {
				ASSETCATALOG_COMPILER_APPICON_NAME = AppIcon;
				ASSETCATALOG_COMPILER_GLOBAL_ACCENT_COLOR_NAME = AccentColor;
				CODE_SIGN_STYLE = Automatic;
				CURRENT_PROJECT_VERSION = 1;
				DEVELOPMENT_TEAM = Z8BA2MK3L3;
				GENERATE_INFOPLIST_FILE = YES;
				INFOPLIST_FILE = "Disney Characters/Info.plist";
				INFOPLIST_KEY_UIApplicationSupportsIndirectInputEvents = YES;
				INFOPLIST_KEY_UILaunchStoryboardName = LaunchScreen;
				INFOPLIST_KEY_UISupportedInterfaceOrientations_iPad = "UIInterfaceOrientationPortrait UIInterfaceOrientationPortraitUpsideDown UIInterfaceOrientationLandscapeLeft UIInterfaceOrientationLandscapeRight";
				INFOPLIST_KEY_UISupportedInterfaceOrientations_iPhone = "UIInterfaceOrientationPortrait UIInterfaceOrientationLandscapeLeft UIInterfaceOrientationLandscapeRight";
				LD_RUNPATH_SEARCH_PATHS = (
					"$(inherited)",
					"@executable_path/Frameworks",
				);
				MARKETING_VERSION = 1.0;
				PRODUCT_BUNDLE_IDENTIFIER = "etang.Disney-Characters";
				PRODUCT_NAME = "$(TARGET_NAME)";
				SWIFT_EMIT_LOC_STRINGS = YES;
				SWIFT_VERSION = 5.0;
				TARGETED_DEVICE_FAMILY = "1,2";
			};
			name = Release;
		};
/* End XCBuildConfiguration section */

/* Begin XCConfigurationList section */
		AA077A782B55BA7900DEABE9 /* Build configuration list for PBXProject "Disney Characters" */ = {
			isa = XCConfigurationList;
			buildConfigurations = (
				AA077A8F2B55BA7B00DEABE9 /* Debug */,
				AA077A902B55BA7B00DEABE9 /* Release */,
			);
			defaultConfigurationIsVisible = 0;
			defaultConfigurationName = Release;
		};
		AA077A912B55BA7B00DEABE9 /* Build configuration list for PBXNativeTarget "Disney Characters" */ = {
			isa = XCConfigurationList;
			buildConfigurations = (
				AA077A922B55BA7B00DEABE9 /* Debug */,
				AA077A932B55BA7B00DEABE9 /* Release */,
			);
			defaultConfigurationIsVisible = 0;
			defaultConfigurationName = Release;
		};
/* End XCConfigurationList section */
	};
	rootObject = AA077A752B55BA7900DEABE9 /* Project object */;
}
